
Microsoft Visual Studio Solution File, Format Version 12.00
Project("{FAE04EC0-301F-11D3-BF4B-00C04F79EFBC}") = "Client", "Client\Client.csproj", "{57B10247-9E6A-40C7-9E26-11E63DC2A86C}"
EndProject
Project("{FAE04EC0-301F-11D3-BF4B-00C04F79EFBC}") = "Server", "Server\Server.csproj", "{8ED7B02B-DAFC-4DBB-8840-D7B644DB8FC6}"
EndProject
Project("{FAE04EC0-301F-11D3-BF4B-00C04F79EFBC}") = "Shared", "Shared\Shared.csproj", "{FC8E9802-A595-46ED-AEE3-5CD9B72FB597}"
EndProject
Project("{FAE04EC0-301F-11D3-BF4B-00C04F79EFBC}") = "Tests", "Tests\Tests.csproj", "{2B0B7735-D9D0-4047-AD4C-014EC8A16303}"
EndProject
Global
	GlobalSection(SolutionConfigurationPlatforms) = preSolution
		Debug|Any CPU = Debug|Any CPU
		Release|Any CPU = Release|Any CPU
	EndGlobalSection
	GlobalSection(ProjectConfigurationPlatforms) = postSolution
		{57B10247-9E6A-40C7-9E26-11E63DC2A86C}.Debug|Any CPU.ActiveCfg = Debug|Any CPU
		{57B10247-9E6A-40C7-9E26-11E63DC2A86C}.Debug|Any CPU.Build.0 = Debug|Any CPU
		{57B10247-9E6A-40C7-9E26-11E63DC2A86C}.Release|Any CPU.ActiveCfg = Release|Any CPU
		{57B10247-9E6A-40C7-9E26-11E63DC2A86C}.Release|Any CPU.Build.0 = Release|Any CPU
		{8ED7B02B-DAFC-4DBB-8840-D7B644DB8FC6}.Debug|Any CPU.ActiveCfg = Debug|Any CPU
		{8ED7B02B-DAFC-4DBB-8840-D7B644DB8FC6}.Debug|Any CPU.Build.0 = Debug|Any CPU
		{8ED7B02B-DAFC-4DBB-8840-D7B644DB8FC6}.Release|Any CPU.ActiveCfg = Release|Any CPU
		{8ED7B02B-DAFC-4DBB-8840-D7B644DB8FC6}.Release|Any CPU.Build.0 = Release|Any CPU
		{FC8E9802-A595-46ED-AEE3-5CD9B72FB597}.Debug|Any CPU.ActiveCfg = Debug|Any CPU
		{FC8E9802-A595-46ED-AEE3-5CD9B72FB597}.Debug|Any CPU.Build.0 = Debug|Any CPU
		{FC8E9802-A595-46ED-AEE3-5CD9B72FB597}.Release|Any CPU.ActiveCfg = Release|Any CPU
		{FC8E9802-A595-46ED-AEE3-5CD9B72FB597}.Release|Any CPU.Build.0 = Release|Any CPU
		{2B0B7735-D9D0-4047-AD4C-014EC8A16303}.Debug|Any CPU.ActiveCfg = Debug|Any CPU
		{2B0B7735-D9D0-4047-AD4C-014EC8A16303}.Debug|Any CPU.Build.0 = Debug|Any CPU
		{2B0B7735-D9D0-4047-AD4C-014EC8A16303}.Release|Any CPU.ActiveCfg = Release|Any CPU
		{2B0B7735-D9D0-4047-AD4C-014EC8A16303}.Release|Any CPU.Build.0 = Release|Any CPU
	EndGlobalSection
EndGlobal
